// !$*UTF8*$!
{
	archiveVersion = 1;
	classes = {
	};
	objectVersion = 50;
	objects = {

/* Begin PBXBuildFile section */
		3438B41B2685DA8900B12437 /* BullseyeSlowTests.swift in Sources */ = {isa = PBXBuildFile; fileRef = 3438B41A2685DA8900B12437 /* BullseyeSlowTests.swift */; };
		3453571B264D88E900550728 /* BullseyeApp.swift in Sources */ = {isa = PBXBuildFile; fileRef = 3453571A264D88E900550728 /* BullseyeApp.swift */; };
		3453571D264D88E900550728 /* ContentView.swift in Sources */ = {isa = PBXBuildFile; fileRef = 3453571C264D88E900550728 /* ContentView.swift */; };
		3453571F264D88EC00550728 /* Assets.xcassets in Resources */ = {isa = PBXBuildFile; fileRef = 3453571E264D88EC00550728 /* Assets.xcassets */; };
		34535722264D88EC00550728 /* Preview Assets.xcassets in Resources */ = {isa = PBXBuildFile; fileRef = 34535721264D88EC00550728 /* Preview Assets.xcassets */; };
		3453572D2651232100550728 /* Game.swift in Sources */ = {isa = PBXBuildFile; fileRef = 3453572C2651232100550728 /* Game.swift */; };
		3453573526512C0600550728 /* BullseyeTests.swift in Sources */ = {isa = PBXBuildFile; fileRef = 3453573426512C0600550728 /* BullseyeTests.swift */; };
/* End PBXBuildFile section */

/* Begin PBXContainerItemProxy section */
		3438B41D2685DA8900B12437 /* PBXContainerItemProxy */ = {
			isa = PBXContainerItemProxy;
			containerPortal = 3453570F264D88E900550728 /* Project object */;
			proxyType = 1;
			remoteGlobalIDString = 34535716264D88E900550728;
			remoteInfo = Bullseye;
		};
		3453573726512C0600550728 /* PBXContainerItemProxy */ = {
			isa = PBXContainerItemProxy;
			containerPortal = 3453570F264D88E900550728 /* Project object */;
			proxyType = 1;
			remoteGlobalIDString = 34535716264D88E900550728;
			remoteInfo = Bullseye;
		};
/* End PBXContainerItemProxy section */

/* Begin PBXFileReference section */
		3438B4182685DA8900B12437 /* BullseyeSlowTests.xctest */ = {isa = PBXFileReference; explicitFileType = wrapper.cfbundle; includeInIndex = 0; path = BullseyeSlowTests.xctest; sourceTree = BUILT_PRODUCTS_DIR; };
		3438B41A2685DA8900B12437 /* BullseyeSlowTests.swift */ = {isa = PBXFileReference; lastKnownFileType = sourcecode.swift; path = BullseyeSlowTests.swift; sourceTree = "<group>"; };
		3438B41C2685DA8900B12437 /* Info.plist */ = {isa = PBXFileReference; lastKnownFileType = text.plist.xml; path = Info.plist; sourceTree = "<group>"; };
		34535717264D88E900550728 /* Bullseye.app */ = {isa = PBXFileReference; explicitFileType = wrapper.application; includeInIndex = 0; path = Bullseye.app; sourceTree = BUILT_PRODUCTS_DIR; };
		3453571A264D88E900550728 /* BullseyeApp.swift */ = {isa = PBXFileReference; lastKnownFileType = sourcecode.swift; path = BullseyeApp.swift; sourceTree = "<group>"; };
		3453571C264D88E900550728 /* ContentView.swift */ = {isa = PBXFileReference; lastKnownFileType = sourcecode.swift; path = ContentView.swift; sourceTree = "<group>"; };
		3453571E264D88EC00550728 /* Assets.xcassets */ = {isa = PBXFileReference; lastKnownFileType = folder.assetcatalog; path = Assets.xcassets; sourceTree = "<group>"; };
		34535721264D88EC00550728 /* Preview Assets.xcassets */ = {isa = PBXFileReference; lastKnownFileType = folder.assetcatalog; path = "Preview Assets.xcassets"; sourceTree = "<group>"; };
		34535723264D88EC00550728 /* Info.plist */ = {isa = PBXFileReference; lastKnownFileType = text.plist.xml; path = Info.plist; sourceTree = "<group>"; };
		3453572C2651232100550728 /* Game.swift */ = {isa = PBXFileReference; lastKnownFileType = sourcecode.swift; path = Game.swift; sourceTree = "<group>"; };
		3453573226512C0600550728 /* BullseyeTests.xctest */ = {isa = PBXFileReference; explicitFileType = wrapper.cfbundle; includeInIndex = 0; path = BullseyeTests.xctest; sourceTree = BUILT_PRODUCTS_DIR; };
		3453573426512C0600550728 /* BullseyeTests.swift */ = {isa = PBXFileReference; lastKnownFileType = sourcecode.swift; path = BullseyeTests.swift; sourceTree = "<group>"; };
		3453573626512C0600550728 /* Info.plist */ = {isa = PBXFileReference; lastKnownFileType = text.plist.xml; path = Info.plist; sourceTree = "<group>"; };
/* End PBXFileReference section */

/* Begin PBXFrameworksBuildPhase section */
		3438B4152685DA8900B12437 /* Frameworks */ = {
			isa = PBXFrameworksBuildPhase;
			buildActionMask = 2147483647;
			files = (
			);
			runOnlyForDeploymentPostprocessing = 0;
		};
		34535714264D88E900550728 /* Frameworks */ = {
			isa = PBXFrameworksBuildPhase;
			buildActionMask = 2147483647;
			files = (
			);
			runOnlyForDeploymentPostprocessing = 0;
		};
		3453572F26512C0600550728 /* Frameworks */ = {
			isa = PBXFrameworksBuildPhase;
			buildActionMask = 2147483647;
			files = (
			);
			runOnlyForDeploymentPostprocessing = 0;
		};
/* End PBXFrameworksBuildPhase section */

/* Begin PBXGroup section */
		3438B4192685DA8900B12437 /* BullseyeSlowTests */ = {
			isa = PBXGroup;
			children = (
				3438B41A2685DA8900B12437 /* BullseyeSlowTests.swift */,
				3438B41C2685DA8900B12437 /* Info.plist */,
			);
			path = BullseyeSlowTests;
			sourceTree = "<group>";
		};
		3453570E264D88E900550728 = {
			isa = PBXGroup;
			children = (
				34535719264D88E900550728 /* Bullseye */,
				3453573326512C0600550728 /* BullseyeTests */,
				3438B4192685DA8900B12437 /* BullseyeSlowTests */,
				34535718264D88E900550728 /* Products */,
			);
			sourceTree = "<group>";
		};
		34535718264D88E900550728 /* Products */ = {
			isa = PBXGroup;
			children = (
				34535717264D88E900550728 /* Bullseye.app */,
				3453573226512C0600550728 /* BullseyeTests.xctest */,
				3438B4182685DA8900B12437 /* BullseyeSlowTests.xctest */,
			);
			name = Products;
			sourceTree = "<group>";
		};
		34535719264D88E900550728 /* Bullseye */ = {
			isa = PBXGroup;
			children = (
				3453572B2651225200550728 /* App */,
				3453572A2651221800550728 /* Views */,
				345357292651220D00550728 /* Models */,
				34535720264D88EC00550728 /* Preview Content */,
			);
			path = Bullseye;
			sourceTree = "<group>";
		};
		34535720264D88EC00550728 /* Preview Content */ = {
			isa = PBXGroup;
			children = (
				34535721264D88EC00550728 /* Preview Assets.xcassets */,
			);
			path = "Preview Content";
			sourceTree = "<group>";
		};
		345357292651220D00550728 /* Models */ = {
			isa = PBXGroup;
			children = (
				3453572C2651232100550728 /* Game.swift */,
			);
			path = Models;
			sourceTree = "<group>";
		};
		3453572A2651221800550728 /* Views */ = {
			isa = PBXGroup;
			children = (
				3453571C264D88E900550728 /* ContentView.swift */,
			);
			path = Views;
			sourceTree = "<group>";
		};
		3453572B2651225200550728 /* App */ = {
			isa = PBXGroup;
			children = (
				3453571E264D88EC00550728 /* Assets.xcassets */,
				3453571A264D88E900550728 /* BullseyeApp.swift */,
				34535723264D88EC00550728 /* Info.plist */,
			);
			path = App;
			sourceTree = "<group>";
		};
		3453573326512C0600550728 /* BullseyeTests */ = {
			isa = PBXGroup;
			children = (
				3453573426512C0600550728 /* BullseyeTests.swift */,
				3453573626512C0600550728 /* Info.plist */,
			);
			path = BullseyeTests;
			sourceTree = "<group>";
		};
/* End PBXGroup section */

/* Begin PBXNativeTarget section */
		3438B4172685DA8900B12437 /* BullseyeSlowTests */ = {
			isa = PBXNativeTarget;
			buildConfigurationList = 3438B4212685DA8900B12437 /* Build configuration list for PBXNativeTarget "BullseyeSlowTests" */;
			buildPhases = (
				3438B4142685DA8900B12437 /* Sources */,
				3438B4152685DA8900B12437 /* Frameworks */,
				3438B4162685DA8900B12437 /* Resources */,
			);
			buildRules = (
			);
			dependencies = (
				3438B41E2685DA8900B12437 /* PBXTargetDependency */,
			);
			name = BullseyeSlowTests;
			productName = BullseyeSlowTests;
			productReference = 3438B4182685DA8900B12437 /* BullseyeSlowTests.xctest */;
			productType = "com.apple.product-type.bundle.unit-test";
		};
		34535716264D88E900550728 /* Bullseye */ = {
			isa = PBXNativeTarget;
			buildConfigurationList = 34535726264D88EC00550728 /* Build configuration list for PBXNativeTarget "Bullseye" */;
			buildPhases = (
				34535713264D88E900550728 /* Sources */,
				34535714264D88E900550728 /* Frameworks */,
				34535715264D88E900550728 /* Resources */,
			);
			buildRules = (
			);
			dependencies = (
			);
			name = Bullseye;
			productName = Bullseye;
			productReference = 34535717264D88E900550728 /* Bullseye.app */;
			productType = "com.apple.product-type.application";
		};
		3453573126512C0600550728 /* BullseyeTests */ = {
			isa = PBXNativeTarget;
			buildConfigurationList = 3453573926512C0600550728 /* Build configuration list for PBXNativeTarget "BullseyeTests" */;
			buildPhases = (
				3453572E26512C0600550728 /* Sources */,
				3453572F26512C0600550728 /* Frameworks */,
				3453573026512C0600550728 /* Resources */,
			);
			buildRules = (
			);
			dependencies = (
				3453573826512C0600550728 /* PBXTargetDependency */,
			);
			name = BullseyeTests;
			productName = BullseyeTests;
			productReference = 3453573226512C0600550728 /* BullseyeTests.xctest */;
			productType = "com.apple.product-type.bundle.unit-test";
		};
/* End PBXNativeTarget section */

/* Begin PBXProject section */
		3453570F264D88E900550728 /* Project object */ = {
			isa = PBXProject;
			attributes = {
				LastSwiftUpdateCheck = 1250;
				LastUpgradeCheck = 1250;
				TargetAttributes = {
					3438B4172685DA8900B12437 = {
						CreatedOnToolsVersion = 12.5;
						TestTargetID = 34535716264D88E900550728;
					};
					34535716264D88E900550728 = {
						CreatedOnToolsVersion = 12.5;
					};
					3453573126512C0600550728 = {
						CreatedOnToolsVersion = 12.5;
						TestTargetID = 34535716264D88E900550728;
					};
				};
			};
			buildConfigurationList = 34535712264D88E900550728 /* Build configuration list for PBXProject "Bullseye" */;
			compatibilityVersion = "Xcode 9.3";
			developmentRegion = en;
			hasScannedForEncodings = 0;
			knownRegions = (
				en,
				Base,
			);
			mainGroup = 3453570E264D88E900550728;
			productRefGroup = 34535718264D88E900550728 /* Products */;
			projectDirPath = "";
			projectRoot = "";
			targets = (
				34535716264D88E900550728 /* Bullseye */,
				3453573126512C0600550728 /* BullseyeTests */,
				3438B4172685DA8900B12437 /* BullseyeSlowTests */,
			);
		};
/* End PBXProject section */

/* Begin PBXResourcesBuildPhase section */
		3438B4162685DA8900B12437 /* Resources */ = {
			isa = PBXResourcesBuildPhase;
			buildActionMask = 2147483647;
			files = (
			);
			runOnlyForDeploymentPostprocessing = 0;
		};
		34535715264D88E900550728 /* Resources */ = {
			isa = PBXResourcesBuildPhase;
			buildActionMask = 2147483647;
			files = (
				34535722264D88EC00550728 /* Preview Assets.xcassets in Resources */,
				3453571F264D88EC00550728 /* Assets.xcassets in Resources */,
			);
			runOnlyForDeploymentPostprocessing = 0;
		};
		3453573026512C0600550728 /* Resources */ = {
			isa = PBXResourcesBuildPhase;
			buildActionMask = 2147483647;
			files = (
			);
			runOnlyForDeploymentPostprocessing = 0;
		};
/* End PBXResourcesBuildPhase section */

/* Begin PBXSourcesBuildPhase section */
		3438B4142685DA8900B12437 /* Sources */ = {
			isa = PBXSourcesBuildPhase;
			buildActionMask = 2147483647;
			files = (
				3438B41B2685DA8900B12437 /* BullseyeSlowTests.swift in Sources */,
			);
			runOnlyForDeploymentPostprocessing = 0;
		};
		34535713264D88E900550728 /* Sources */ = {
			isa = PBXSourcesBuildPhase;
			buildActionMask = 2147483647;
			files = (
				3453571D264D88E900550728 /* ContentView.swift in Sources */,
				3453572D2651232100550728 /* Game.swift in Sources */,
				3453571B264D88E900550728 /* BullseyeApp.swift in Sources */,
			);
			runOnlyForDeploymentPostprocessing = 0;
		};
		3453572E26512C0600550728 /* Sources */ = {
			isa = PBXSourcesBuildPhase;
			buildActionMask = 2147483647;
			files = (
				3453573526512C0600550728 /* BullseyeTests.swift in Sources */,
			);
			runOnlyForDeploymentPostprocessing = 0;
		};
/* End PBXSourcesBuildPhase section */

/* Begin PBXTargetDependency section */
		3438B41E2685DA8900B12437 /* PBXTargetDependency */ = {
			isa = PBXTargetDependency;
			target = 34535716264D88E900550728 /* Bullseye */;
			targetProxy = 3438B41D2685DA8900B12437 /* PBXContainerItemProxy */;
		};
		3453573826512C0600550728 /* PBXTargetDependency */ = {
			isa = PBXTargetDependency;
			target = 34535716264D88E900550728 /* Bullseye */;
			targetProxy = 3453573726512C0600550728 /* PBXContainerItemProxy */;
		};
/* End PBXTargetDependency section */

/* Begin XCBuildConfiguration section */
		3438B41F2685DA8900B12437 /* Debug */ = {
			isa = XCBuildConfiguration;
			buildSettings = {
				BUNDLE_LOADER = "$(TEST_HOST)";
				CODE_SIGN_STYLE = Automatic;
				DEVELOPMENT_TEAM = 6478Y3WC5Q;
				INFOPLIST_FILE = BullseyeSlowTests/Info.plist;
				LD_RUNPATH_SEARCH_PATHS = (
					"$(inherited)",
					"@executable_path/Frameworks",
					"@loader_path/Frameworks",
				);
				PRODUCT_BUNDLE_IDENTIFIER = com.swiftintro.BullseyeSlowTests;
				PRODUCT_NAME = "$(TARGET_NAME)";
				SWIFT_VERSION = 5.0;
				TARGETED_DEVICE_FAMILY = "1,2";
				TEST_HOST = "$(BUILT_PRODUCTS_DIR)/Bullseye.app/Bullseye";
			};
			name = Debug;
		};
		3438B4202685DA8900B12437 /* Release */ = {
			isa = XCBuildConfiguration;
			buildSettings = {
				BUNDLE_LOADER = "$(TEST_HOST)";
				CODE_SIGN_STYLE = Automatic;
				DEVELOPMENT_TEAM = 6478Y3WC5Q;
				INFOPLIST_FILE = BullseyeSlowTests/Info.plist;
				LD_RUNPATH_SEARCH_PATHS = (
					"$(inherited)",
					"@executable_path/Frameworks",
					"@loader_path/Frameworks",
				);
				PRODUCT_BUNDLE_IDENTIFIER = com.swiftintro.BullseyeSlowTests;
				PRODUCT_NAME = "$(TARGET_NAME)";
				SWIFT_VERSION = 5.0;
				TARGETED_DEVICE_FAMILY = "1,2";
				TEST_HOST = "$(BUILT_PRODUCTS_DIR)/Bullseye.app/Bullseye";
			};
			name = Release;
		};
		34535724264D88EC00550728 /* Debug */ = {
			isa = XCBuildConfiguration;
			buildSettings = {
				ALWAYS_SEARCH_USER_PATHS = NO;
				CLANG_ANALYZER_NONNULL = YES;
				CLANG_ANALYZER_NUMBER_OBJECT_CONVERSION = YES_AGGRESSIVE;
				CLANG_CXX_LANGUAGE_STANDARD = "gnu++14";
				CLANG_CXX_LIBRARY = "libc++";
				CLANG_ENABLE_MODULES = YES;
				CLANG_ENABLE_OBJC_ARC = YES;
				CLANG_ENABLE_OBJC_WEAK = YES;
				CLANG_WARN_BLOCK_CAPTURE_AUTORELEASING = YES;
				CLANG_WARN_BOOL_CONVERSION = YES;
				CLANG_WARN_COMMA = YES;
				CLANG_WARN_CONSTANT_CONVERSION = YES;
				CLANG_WARN_DEPRECATED_OBJC_IMPLEMENTATIONS = YES;
				CLANG_WARN_DIRECT_OBJC_ISA_USAGE = YES_ERROR;
				CLANG_WARN_DOCUMENTATION_COMMENTS = YES;
				CLANG_WARN_EMPTY_BODY = YES;
				CLANG_WARN_ENUM_CONVERSION = YES;
				CLANG_WARN_INFINITE_RECURSION = YES;
				CLANG_WARN_INT_CONVERSION = YES;
				CLANG_WARN_NON_LITERAL_NULL_CONVERSION = YES;
				CLANG_WARN_OBJC_IMPLICIT_RETAIN_SELF = YES;
				CLANG_WARN_OBJC_LITERAL_CONVERSION = YES;
				CLANG_WARN_OBJC_ROOT_CLASS = YES_ERROR;
				CLANG_WARN_QUOTED_INCLUDE_IN_FRAMEWORK_HEADER = YES;
				CLANG_WARN_RANGE_LOOP_ANALYSIS = YES;
				CLANG_WARN_STRICT_PROTOTYPES = YES;
				CLANG_WARN_SUSPICIOUS_MOVE = YES;
				CLANG_WARN_UNGUARDED_AVAILABILITY = YES_AGGRESSIVE;
				CLANG_WARN_UNREACHABLE_CODE = YES;
				CLANG_WARN__DUPLICATE_METHOD_MATCH = YES;
				COPY_PHASE_STRIP = NO;
				DEBUG_INFORMATION_FORMAT = dwarf;
				ENABLE_STRICT_OBJC_MSGSEND = YES;
				ENABLE_TESTABILITY = YES;
				GCC_C_LANGUAGE_STANDARD = gnu11;
				GCC_DYNAMIC_NO_PIC = NO;
				GCC_NO_COMMON_BLOCKS = YES;
				GCC_OPTIMIZATION_LEVEL = 0;
				GCC_PREPROCESSOR_DEFINITIONS = (
					"DEBUG=1",
					"$(inherited)",
				);
				GCC_WARN_64_TO_32_BIT_CONVERSION = YES;
				GCC_WARN_ABOUT_RETURN_TYPE = YES_ERROR;
				GCC_WARN_UNDECLARED_SELECTOR = YES;
				GCC_WARN_UNINITIALIZED_AUTOS = YES_AGGRESSIVE;
				GCC_WARN_UNUSED_FUNCTION = YES;
				GCC_WARN_UNUSED_VARIABLE = YES;
				IPHONEOS_DEPLOYMENT_TARGET = 14.5;
				MTL_ENABLE_DEBUG_INFO = INCLUDE_SOURCE;
				MTL_FAST_MATH = YES;
				ONLY_ACTIVE_ARCH = YES;
				SDKROOT = iphoneos;
				SWIFT_ACTIVE_COMPILATION_CONDITIONS = DEBUG;
				SWIFT_OPTIMIZATION_LEVEL = "-Onone";
			};
			name = Debug;
		};
		34535725264D88EC00550728 /* Release */ = {
			isa = XCBuildConfiguration;
			buildSettings = {
				ALWAYS_SEARCH_USER_PATHS = NO;
				CLANG_ANALYZER_NONNULL = YES;
				CLANG_ANALYZER_NUMBER_OBJECT_CONVERSION = YES_AGGRESSIVE;
				CLANG_CXX_LANGUAGE_STANDARD = "gnu++14";
				CLANG_CXX_LIBRARY = "libc++";
				CLANG_ENABLE_MODULES = YES;
				CLANG_ENABLE_OBJC_ARC = YES;
				CLANG_ENABLE_OBJC_WEAK = YES;
				CLANG_WARN_BLOCK_CAPTURE_AUTORELEASING = YES;
				CLANG_WARN_BOOL_CONVERSION = YES;
				CLANG_WARN_COMMA = YES;
				CLANG_WARN_CONSTANT_CONVERSION = YES;
				CLANG_WARN_DEPRECATED_OBJC_IMPLEMENTATIONS = YES;
				CLANG_WARN_DIRECT_OBJC_ISA_USAGE = YES_ERROR;
				CLANG_WARN_DOCUMENTATION_COMMENTS = YES;
				CLANG_WARN_EMPTY_BODY = YES;
				CLANG_WARN_ENUM_CONVERSION = YES;
				CLANG_WARN_INFINITE_RECURSION = YES;
				CLANG_WARN_INT_CONVERSION = YES;
				CLANG_WARN_NON_LITERAL_NULL_CONVERSION = YES;
				CLANG_WARN_OBJC_IMPLICIT_RETAIN_SELF = YES;
				CLANG_WARN_OBJC_LITERAL_CONVERSION = YES;
				CLANG_WARN_OBJC_ROOT_CLASS = YES_ERROR;
				CLANG_WARN_QUOTED_INCLUDE_IN_FRAMEWORK_HEADER = YES;
				CLANG_WARN_RANGE_LOOP_ANALYSIS = YES;
				CLANG_WARN_STRICT_PROTOTYPES = YES;
				CLANG_WARN_SUSPICIOUS_MOVE = YES;
				CLANG_WARN_UNGUARDED_AVAILABILITY = YES_AGGRESSIVE;
				CLANG_WARN_UNREACHABLE_CODE = YES;
				CLANG_WARN__DUPLICATE_METHOD_MATCH = YES;
				COPY_PHASE_STRIP = NO;
				DEBUG_INFORMATION_FORMAT = "dwarf-with-dsym";
				ENABLE_NS_ASSERTIONS = NO;
				ENABLE_STRICT_OBJC_MSGSEND = YES;
				GCC_C_LANGUAGE_STANDARD = gnu11;
				GCC_NO_COMMON_BLOCKS = YES;
				GCC_WARN_64_TO_32_BIT_CONVERSION = YES;
				GCC_WARN_ABOUT_RETURN_TYPE = YES_ERROR;
				GCC_WARN_UNDECLARED_SELECTOR = YES;
				GCC_WARN_UNINITIALIZED_AUTOS = YES_AGGRESSIVE;
				GCC_WARN_UNUSED_FUNCTION = YES;
				GCC_WARN_UNUSED_VARIABLE = YES;
				IPHONEOS_DEPLOYMENT_TARGET = 14.5;
				MTL_ENABLE_DEBUG_INFO = NO;
				MTL_FAST_MATH = YES;
				SDKROOT = iphoneos;
				SWIFT_COMPILATION_MODE = wholemodule;
				SWIFT_OPTIMIZATION_LEVEL = "-O";
				VALIDATE_PRODUCT = YES;
			};
			name = Release;
		};
		34535727264D88EC00550728 /* Debug */ = {
			isa = XCBuildConfiguration;
			buildSettings = {
				ASSETCATALOG_COMPILER_APPICON_NAME = AppIcon;
				ASSETCATALOG_COMPILER_GLOBAL_ACCENT_COLOR_NAME = AccentColor;
				CODE_SIGN_STYLE = Automatic;
				DEVELOPMENT_ASSET_PATHS = "\"Bullseye/Preview Content\"";
				ENABLE_PREVIEWS = YES;
				INFOPLIST_FILE = Bullseye/App/Info.plist;
				IPHONEOS_DEPLOYMENT_TARGET = 14.0;
				LD_RUNPATH_SEARCH_PATHS = (
					"$(inherited)",
					"@executable_path/Frameworks",
				);
				PRODUCT_BUNDLE_IDENTIFIER = com.swiftintro.Bullseye;
				PRODUCT_NAME = "$(TARGET_NAME)";
				SWIFT_VERSION = 5.0;
				TARGETED_DEVICE_FAMILY = "1,2";
			};
			name = Debug;
		};
		34535728264D88EC00550728 /* Release */ = {
			isa = XCBuildConfiguration;
			buildSettings = {
				ASSETCATALOG_COMPILER_APPICON_NAME = AppIcon;
				ASSETCATALOG_COMPILER_GLOBAL_ACCENT_COLOR_NAME = AccentColor;
				CODE_SIGN_STYLE = Automatic;
				DEVELOPMENT_ASSET_PATHS = "\"Bullseye/Preview Content\"";
				ENABLE_PREVIEWS = YES;
				INFOPLIST_FILE = Bullseye/App/Info.plist;
				IPHONEOS_DEPLOYMENT_TARGET = 14.0;
				LD_RUNPATH_SEARCH_PATHS = (
					"$(inherited)",
					"@executable_path/Frameworks",
				);
				PRODUCT_BUNDLE_IDENTIFIER = com.swiftintro.Bullseye;
				PRODUCT_NAME = "$(TARGET_NAME)";
				SWIFT_VERSION = 5.0;
				TARGETED_DEVICE_FAMILY = "1,2";
			};
			name = Release;
		};
		3453573A26512C0600550728 /* Debug */ = {
			isa = XCBuildConfiguration;
			buildSettings = {
				BUNDLE_LOADER = "$(TEST_HOST)";
				CODE_SIGN_STYLE = Automatic;
				INFOPLIST_FILE = BullseyeTests/Info.plist;
				LD_RUNPATH_SEARCH_PATHS = (
					"$(inherited)",
					"@executable_path/Frameworks",
					"@loader_path/Frameworks",
				);
				PRODUCT_BUNDLE_IDENTIFIER = com.swiftintro.BullseyeTests;
				PRODUCT_NAME = "$(TARGET_NAME)";
				SWIFT_VERSION = 5.0;
				TARGETED_DEVICE_FAMILY = "1,2";
				TEST_HOST = "$(BUILT_PRODUCTS_DIR)/Bullseye.app/Bullseye";
			};
			name = Debug;
		};
		3453573B26512C0600550728 /* Release */ = {
			isa = XCBuildConfiguration;
			buildSettings = {
				BUNDLE_LOADER = "$(TEST_HOST)";
				CODE_SIGN_STYLE = Automatic;
				INFOPLIST_FILE = BullseyeTests/Info.plist;
				LD_RUNPATH_SEARCH_PATHS = (
					"$(inherited)",
					"@executable_path/Frameworks",
					"@loader_path/Frameworks",
				);
				PRODUCT_BUNDLE_IDENTIFIER = com.swiftintro.BullseyeTests;
				PRODUCT_NAME = "$(TARGET_NAME)";
				SWIFT_VERSION = 5.0;
				TARGETED_DEVICE_FAMILY = "1,2";
				TEST_HOST = "$(BUILT_PRODUCTS_DIR)/Bullseye.app/Bullseye";
			};
			name = Release;
		};
/* End XCBuildConfiguration section */

/* Begin XCConfigurationList section */
		3438B4212685DA8900B12437 /* Build configuration list for PBXNativeTarget "BullseyeSlowTests" */ = {
			isa = XCConfigurationList;
			buildConfigurations = (
				3438B41F2685DA8900B12437 /* Debug */,
				3438B4202685DA8900B12437 /* Release */,
			);
			defaultConfigurationIsVisible = 0;
			defaultConfigurationName = Release;
		};
		34535712264D88E900550728 /* Build configuration list for PBXProject "Bullseye" */ = {
			isa = XCConfigurationList;
			buildConfigurations = (
				34535724264D88EC00550728 /* Debug */,
				34535725264D88EC00550728 /* Release */,
			);
			defaultConfigurationIsVisible = 0;
			defaultConfigurationName = Release;
		};
		34535726264D88EC00550728 /* Build configuration list for PBXNativeTarget "Bullseye" */ = {
			isa = XCConfigurationList;
			buildConfigurations = (
				34535727264D88EC00550728 /* Debug */,
				34535728264D88EC00550728 /* Release */,
			);
			defaultConfigurationIsVisible = 0;
			defaultConfigurationName = Release;
		};
		3453573926512C0600550728 /* Build configuration list for PBXNativeTarget "BullseyeTests" */ = {
			isa = XCConfigurationList;
			buildConfigurations = (
				3453573A26512C0600550728 /* Debug */,
				3453573B26512C0600550728 /* Release */,
			);
			defaultConfigurationIsVisible = 0;
			defaultConfigurationName = Release;
		};
/* End XCConfigurationList section */
	};
	rootObject = 3453570F264D88E900550728 /* Project object */;
}
